{
    "version": 3,
    "terraform_version": "0.11.13",
    "serial": 7,
    "lineage": "50bc3cfe-98e4-0efa-5d10-1035f155af02",
    "modules": [
        {
            "path": [
                "root"
            ],
            "outputs": {
                "elastic_domains": {
                    "sensitive": false,
                    "type": "list",
                    "value": [
                        "search-es-930fba692f4d4acb-xizwwriiztxwphn45hriqln6va.us-east-1.es.amazonaws.com"
                    ]
                },
                "stack_id": {
                    "sensitive": false,
                    "type": "list",
                    "value": [
                        "930fba692f4d4acb4265fe4a065c78a7"
                    ]
                }
            },
            "resources": {
                "aws_elasticsearch_domain.image-colors": {
                    "type": "aws_elasticsearch_domain",
                    "depends_on": [
                        "random_id.stack_id"
                    ],
                    "primary": {
                        "id": "arn:aws:es:us-east-1:795006566846:domain/es-930fba692f4d4acb",
                        "attributes": {
                            "advanced_options.%": "1",
                            "advanced_options.rest.action.multi.allow_explicit_index": "true",
                            "arn": "arn:aws:es:us-east-1:795006566846:domain/es-930fba692f4d4acb",
                            "cluster_config.#": "1",
                            "cluster_config.0.dedicated_master_count": "0",
                            "cluster_config.0.dedicated_master_enabled": "false",
                            "cluster_config.0.dedicated_master_type": "",
                            "cluster_config.0.instance_count": "1",
                            "cluster_config.0.instance_type": "t2.small.elasticsearch",
                            "cluster_config.0.zone_awareness_enabled": "false",
                            "cognito_options.#": "1",
                            "cognito_options.0.enabled": "false",
                            "cognito_options.0.identity_pool_id": "",
                            "cognito_options.0.role_arn": "",
                            "cognito_options.0.user_pool_id": "",
                            "domain_id": "795006566846/es-930fba692f4d4acb",
                            "domain_name": "es-930fba692f4d4acb",
                            "ebs_options.#": "1",
                            "ebs_options.0.ebs_enabled": "true",
                            "ebs_options.0.iops": "0",
                            "ebs_options.0.volume_size": "10",
                            "ebs_options.0.volume_type": "gp2",
                            "elasticsearch_version": "6.5",
                            "encrypt_at_rest.#": "1",
                            "encrypt_at_rest.0.enabled": "false",
                            "encrypt_at_rest.0.kms_key_id": "",
                            "endpoint": "search-es-930fba692f4d4acb-xizwwriiztxwphn45hriqln6va.us-east-1.es.amazonaws.com",
                            "id": "arn:aws:es:us-east-1:795006566846:domain/es-930fba692f4d4acb",
                            "kibana_endpoint": "search-es-930fba692f4d4acb-xizwwriiztxwphn45hriqln6va.us-east-1.es.amazonaws.com/_plugin/kibana/",
                            "node_to_node_encryption.#": "1",
                            "node_to_node_encryption.0.enabled": "false",
                            "snapshot_options.#": "1",
                            "snapshot_options.0.automated_snapshot_start_hour": "0",
                            "tags.%": "3",
                            "tags.Domain": "es-930fba692f4d4acb",
                            "tags.Stack": "image-colors",
                            "tags.Stack_id": "930fba692f4d4acb4265fe4a065c78a7"
                        },
                        "meta": {},
                        "tainted": false
                    },
                    "deposed": [],
                    "provider": "provider.aws"
                },
                "aws_iam_policy.image-colors-lambda-cloudwatch-access": {
                    "type": "aws_iam_policy",
                    "depends_on": [],
                    "primary": {
                        "id": "arn:aws:iam::795006566846:policy/image-colors-lambda-cloudwatch-access",
                        "attributes": {
                            "arn": "arn:aws:iam::795006566846:policy/image-colors-lambda-cloudwatch-access",
                            "description": "Allow image-colors to write logs to cloudwatch",
                            "id": "arn:aws:iam::795006566846:policy/image-colors-lambda-cloudwatch-access",
                            "name": "image-colors-lambda-cloudwatch-access",
                            "path": "/",
                            "policy": "{\n  \"Version\": \"2012-10-17\",\n  \"Statement\": [\n    {\n      \"Sid\": \"1\",\n      \"Effect\": \"Allow\",\n      \"Action\": [\n        \"logs:CreateLogGroup\",\n        \"logs:CreateLogStream\",\n        \"logs:PutLogEvents\"\n      ],\n      \"Resource\": \"arn:aws:logs:::*\"\n    }\n  ]\n}\n"
                        },
                        "meta": {},
                        "tainted": false
                    },
                    "deposed": [],
                    "provider": "provider.aws"
                },
                "aws_iam_policy.image-colors-lambda-s3-access": {
                    "type": "aws_iam_policy",
                    "depends_on": [
                        "aws_s3_bucket.images_bucket"
                    ],
                    "primary": {
                        "id": "arn:aws:iam::795006566846:policy/image-colors-lambda-s3-access",
                        "attributes": {
                            "arn": "arn:aws:iam::795006566846:policy/image-colors-lambda-s3-access",
                            "description": "Allow image-colors to read images from S3",
                            "id": "arn:aws:iam::795006566846:policy/image-colors-lambda-s3-access",
                            "name": "image-colors-lambda-s3-access",
                            "path": "/",
                            "policy": "{\n    \"Version\": \"2012-10-17\",\n    \"Statement\": [\n      {\n        \"Sid\": \"0\",\n        \"Effect\": \"Allow\",\n        \"Action\": [\n          \"s3:ListBucket\"\n        ],\n        \"Resource\": \"arn:aws:s3:::arn:aws:s3:::image-colors-930fba692f4d4acb4265fe4a065c78a7\"\n      },\n      {\n        \"Sid\": \"1\",\n        \"Effect\": \"Allow\",\n        \"Action\": \"s3:GetObject\",\n        \"Resource\": \"arn:aws:s3:::arn:aws:s3:::image-colors-930fba692f4d4acb4265fe4a065c78a7/*\"\n      }\n    ]\n}\n"
                        },
                        "meta": {},
                        "tainted": false
                    },
                    "deposed": [],
                    "provider": "provider.aws"
                },
                "aws_iam_role.image-colors-lambda": {
                    "type": "aws_iam_role",
                    "depends_on": [],
                    "primary": {
                        "id": "image-colors-lambda",
                        "attributes": {
                            "arn": "arn:aws:iam::795006566846:role/image-colors-lambda",
                            "assume_role_policy": "{\"Version\":\"2012-10-17\",\"Statement\":[{\"Sid\":\"\",\"Effect\":\"Allow\",\"Principal\":{\"Service\":\"lambda.amazonaws.com\"},\"Action\":\"sts:AssumeRole\"}]}",
                            "create_date": "2019-04-14T18:46:14Z",
                            "description": "",
                            "force_detach_policies": "false",
                            "id": "image-colors-lambda",
                            "max_session_duration": "3600",
                            "name": "image-colors-lambda",
                            "path": "/",
                            "tags.%": "0",
                            "unique_id": "AROA3SGQVQG7L4PD27KGW"
                        },
                        "meta": {},
                        "tainted": false
                    },
                    "deposed": [],
                    "provider": "provider.aws"
                },
                "aws_iam_role_policy_attachment.image-colors-lambda-policy-attach-1": {
                    "type": "aws_iam_role_policy_attachment",
                    "depends_on": [
                        "aws_iam_policy.image-colors-lambda-s3-access",
                        "aws_iam_role.image-colors-lambda"
                    ],
                    "primary": {
                        "id": "image-colors-lambda-20190414184617004000000001",
                        "attributes": {
                            "id": "image-colors-lambda-20190414184617004000000001",
                            "policy_arn": "arn:aws:iam::795006566846:policy/image-colors-lambda-s3-access",
                            "role": "image-colors-lambda"
                        },
                        "meta": {},
                        "tainted": false
                    },
                    "deposed": [],
                    "provider": "provider.aws"
                },
                "aws_iam_role_policy_attachment.image-colors-lambda-policy-attach-2": {
                    "type": "aws_iam_role_policy_attachment",
                    "depends_on": [
                        "aws_iam_policy.image-colors-lambda-cloudwatch-access",
                        "aws_iam_role.image-colors-lambda"
                    ],
                    "primary": {
                        "id": "image-colors-lambda-20190414205755642400000001",
                        "attributes": {
                            "id": "image-colors-lambda-20190414205755642400000001",
                            "policy_arn": "arn:aws:iam::795006566846:policy/image-colors-lambda-cloudwatch-access",
                            "role": "image-colors-lambda"
                        },
                        "meta": {},
                        "tainted": false
                    },
                    "deposed": [],
                    "provider": "provider.aws"
                },
                "aws_lambda_function.image-colors": {
                    "type": "aws_lambda_function",
                    "depends_on": [
                        "aws_elasticsearch_domain.image-colors.*",
                        "aws_iam_role.image-colors-lambda",
                        "random_id.stack_id"
                    ],
                    "primary": {
                        "id": "image-colors",
                        "attributes": {
                            "arn": "arn:aws:lambda:us-east-1:795006566846:function:image-colors",
                            "dead_letter_config.#": "0",
                            "description": "",
                            "environment.#": "1",
                            "environment.0.variables.%": "2",
                            "environment.0.variables.ELASTIC_HOSTS": "https://search-es-930fba692f4d4acb-xizwwriiztxwphn45hriqln6va.us-east-1.es.amazonaws.com:9200/",
                            "environment.0.variables.ELASTIC_INDEX": "image_colors",
                            "filename": "../build/image-colors.zip",
                            "function_name": "image-colors",
                            "handler": "image-colors",
                            "id": "image-colors",
                            "invoke_arn": "arn:aws:apigateway:us-east-1:lambda:path/2015-03-31/functions/arn:aws:lambda:us-east-1:795006566846:function:image-colors/invocations",
                            "kms_key_arn": "",
                            "last_modified": "2019-04-14T20:57:54.137+0000",
                            "layers.#": "0",
                            "memory_size": "256",
                            "publish": "true",
                            "qualified_arn": "arn:aws:lambda:us-east-1:795006566846:function:image-colors:1",
                            "reserved_concurrent_executions": "10",
                            "role": "arn:aws:iam::795006566846:role/image-colors-lambda",
                            "runtime": "go1.x",
                            "source_code_hash": "3FQ/ADkxhL+RMik8TGJgwitgq0mhYEEnJhH7xV7zEZk=",
                            "source_code_size": "8596945",
                            "tags.%": "3",
                            "tags.Name": "image-colors",
                            "tags.Stack": "image-colors",
                            "tags.Stack_id": "930fba692f4d4acb4265fe4a065c78a7",
                            "timeout": "30",
                            "tracing_config.#": "1",
                            "tracing_config.0.mode": "PassThrough",
                            "version": "1",
                            "vpc_config.#": "0"
                        },
                        "meta": {
                            "e2bfb730-ecaa-11e6-8f88-34363bc7c4c0": {
                                "create": 600000000000
                            }
                        },
                        "tainted": false
                    },
                    "deposed": [],
                    "provider": "provider.aws"
                },
                "aws_lambda_permission.allow_bucket": {
                    "type": "aws_lambda_permission",
                    "depends_on": [
                        "aws_lambda_function.image-colors",
                        "aws_s3_bucket.images_bucket"
                    ],
                    "primary": {
                        "id": "image-colors-AllowExecutionFromS3Bucket",
                        "attributes": {
                            "action": "lambda:InvokeFunction",
                            "function_name": "arn:aws:lambda:us-east-1:795006566846:function:image-colors",
                            "id": "image-colors-AllowExecutionFromS3Bucket",
                            "principal": "s3.amazonaws.com",
                            "qualifier": "",
                            "source_arn": "arn:aws:s3:::image-colors-930fba692f4d4acb4265fe4a065c78a7",
                            "statement_id": "image-colors-AllowExecutionFromS3Bucket"
                        },
                        "meta": {},
                        "tainted": false
                    },
                    "deposed": [],
                    "provider": "provider.aws"
                },
                "aws_s3_bucket.images_bucket": {
                    "type": "aws_s3_bucket",
                    "depends_on": [
                        "random_id.stack_id"
                    ],
                    "primary": {
                        "id": "image-colors-930fba692f4d4acb4265fe4a065c78a7",
                        "attributes": {
                            "acceleration_status": "",
                            "acl": "private",
                            "arn": "arn:aws:s3:::image-colors-930fba692f4d4acb4265fe4a065c78a7",
                            "bucket": "image-colors-930fba692f4d4acb4265fe4a065c78a7",
                            "bucket_domain_name": "image-colors-930fba692f4d4acb4265fe4a065c78a7.s3.amazonaws.com",
                            "bucket_regional_domain_name": "image-colors-930fba692f4d4acb4265fe4a065c78a7.s3.amazonaws.com",
                            "cors_rule.#": "0",
                            "force_destroy": "false",
                            "hosted_zone_id": "Z3AQBSTGFYJSTF",
                            "id": "image-colors-930fba692f4d4acb4265fe4a065c78a7",
                            "lifecycle_rule.#": "0",
                            "logging.#": "0",
                            "object_lock_configuration.#": "0",
                            "region": "us-east-1",
                            "replication_configuration.#": "0",
                            "request_payer": "BucketOwner",
                            "server_side_encryption_configuration.#": "0",
                            "tags.%": "3",
                            "tags.Name": "image-colors-930fba692f4d4acb4265fe4a065c78a7",
                            "tags.Stack": "image-colors",
                            "tags.Stack_id": "930fba692f4d4acb4265fe4a065c78a7",
                            "versioning.#": "1",
                            "versioning.0.enabled": "false",
                            "versioning.0.mfa_delete": "false",
                            "website.#": "0"
                        },
                        "meta": {},
                        "tainted": false
                    },
                    "deposed": [],
                    "provider": "provider.aws"
                },
                "aws_s3_bucket_notification.bucket_notification": {
                    "type": "aws_s3_bucket_notification",
                    "depends_on": [
                        "aws_lambda_function.image-colors",
                        "aws_s3_bucket.images_bucket"
                    ],
                    "primary": {
                        "id": "image-colors-930fba692f4d4acb4265fe4a065c78a7",
                        "attributes": {
                            "bucket": "image-colors-930fba692f4d4acb4265fe4a065c78a7",
                            "id": "image-colors-930fba692f4d4acb4265fe4a065c78a7",
                            "lambda_function.#": "1",
                            "lambda_function.0.events.#": "1",
                            "lambda_function.0.events.3356830603": "s3:ObjectCreated:*",
                            "lambda_function.0.filter_prefix": "",
                            "lambda_function.0.filter_suffix": ".jpg",
                            "lambda_function.0.id": "tf-s3-lambda-20190414185106400400000001",
                            "lambda_function.0.lambda_function_arn": "arn:aws:lambda:us-east-1:795006566846:function:image-colors",
                            "queue.#": "0",
                            "topic.#": "0"
                        },
                        "meta": {},
                        "tainted": false
                    },
                    "deposed": [],
                    "provider": "provider.aws"
                },
                "random_id.stack_id": {
                    "type": "random_id",
                    "depends_on": [],
                    "primary": {
                        "id": "kw-6aS9NSstCZf5KBlx4pw",
                        "attributes": {
                            "b64": "kw-6aS9NSstCZf5KBlx4pw",
                            "b64_std": "kw+6aS9NSstCZf5KBlx4pw==",
                            "b64_url": "kw-6aS9NSstCZf5KBlx4pw",
                            "byte_length": "16",
                            "dec": "195478180695043234894048730583343593639",
                            "hex": "930fba692f4d4acb4265fe4a065c78a7",
                            "id": "kw-6aS9NSstCZf5KBlx4pw"
                        },
                        "meta": {},
                        "tainted": false
                    },
                    "deposed": [],
                    "provider": "provider.random"
                }
            },
            "depends_on": []
        }
    ]
}
